{
  "version": "5",
  "specifiers": {
    "jsr:@std/assert@1": "1.0.19",
    "jsr:@std/internal@^1.0.12": "1.0.14",
    "npm:@supabase/supabase-js@2.47.10": "2.47.10",
    "npm:zod@3.23.8": "3.23.8"
  },
  "jsr": {
    "@std/assert@1.0.19": {
      "integrity": "eaada96ee120cb980bc47e040f82814d786fe8162ecc53c91d8df60b8755991e",
      "dependencies": [
        "jsr:@std/internal"
      ]
    },
    "@std/internal@1.0.14": {
      "integrity": "291516b3d4c35024d6ffbc0a9df5bf4c64116e05b50012cf846710152d2ffdf7"
    }
  },
  "npm": {
    "@supabase/auth-js@2.67.3": {
      "integrity": "sha512-NJDaW8yXs49xMvWVOkSIr8j46jf+tYHV0wHhrwOaLLMZSFO4g6kKAf+MfzQ2RaD06OCUkUHIzctLAxjTgEVpzw==",
      "dependencies": [
        "@supabase/node-fetch"
      ]
    },
    "@supabase/functions-js@2.4.4": {
      "integrity": "sha512-WL2p6r4AXNGwop7iwvul2BvOtuJ1YQy8EbOd0dhG1oN1q8el/BIRSFCFnWAMM/vJJlHWLi4ad22sKbKr9mvjoA==",
      "dependencies": [
        "@supabase/node-fetch"
      ]
    },
    "@supabase/node-fetch@2.6.15": {
      "integrity": "sha512-1ibVeYUacxWYi9i0cf5efil6adJ9WRyZBLivgjs+AUpewx1F3xPi7gLgaASI2SmIQxPoCEjAsLAzKPgMJVgOUQ==",
      "dependencies": [
        "whatwg-url"
      ]
    },
    "@supabase/postgrest-js@1.17.7": {
      "integrity": "sha512-aOzOYaTADm/dVTNksyqv9KsbhVa1gHz1Hoxb2ZEF2Ed9H7qlWOfptECQWmkEmrrFjtNaiPrgiSaPECvzI/seDA==",
      "dependencies": [
        "@supabase/node-fetch"
      ]
    },
    "@supabase/realtime-js@2.11.2": {
      "integrity": "sha512-u/XeuL2Y0QEhXSoIPZZwR6wMXgB+RQbJzG9VErA3VghVt7uRfSVsjeqd7m5GhX3JR6dM/WRmLbVR8URpDWG4+w==",
      "dependencies": [
        "@supabase/node-fetch",
        "@types/phoenix",
        "@types/ws",
        "ws"
      ]
    },
    "@supabase/storage-js@2.7.1": {
      "integrity": "sha512-asYHcyDR1fKqrMpytAS1zjyEfvxuOIp1CIXX7ji4lHHcJKqyk+sLl/Vxgm4sN6u8zvuUtae9e4kDxQP2qrwWBA==",
      "dependencies": [
        "@supabase/node-fetch"
      ]
    },
    "@supabase/supabase-js@2.47.10": {
      "integrity": "sha512-vJfPF820Ho5WILYHfKiBykDQ1SB9odTHrRZ0JxHfuLMC8GRvv21YLkUZQK7/rSVCkLvD6/ZwMWaOAfdUd//guw==",
      "dependencies": [
        "@supabase/auth-js",
        "@supabase/functions-js",
        "@supabase/node-fetch",
        "@supabase/postgrest-js",
        "@supabase/realtime-js",
        "@supabase/storage-js"
      ]
    },
    "@types/node@25.9.1": {
      "integrity": "sha512-xfrlY7UD5rMJk3ZVJP8BNzS28J36YJg+xp+LPXV1TdWxr8uMH5A860QNxYDGQe/ylDSgjxE52Q9VnO7p75tJxg==",
      "dependencies": [
        "undici-types"
      ]
    },
    "@types/phoenix@1.6.7": {
      "integrity": "sha512-oN9ive//QSBkf19rfDv45M7eZPi0eEXylht2OLEXicu5b4KoQ1OzXIw+xDSGWxSxe1JmepRR/ZH283vsu518/Q=="
    },
    "@types/ws@8.18.1": {
      "integrity": "sha512-ThVF6DCVhA8kUGy+aazFQ4kXQ7E1Ty7A3ypFOe0IcJV8O/M511G99AW24irKrW56Wt44yG9+ij8FaqoBGkuBXg==",
      "dependencies": [
        "@types/node"
      ]
    },
    "tr46@0.0.3": {
      "integrity": "sha512-N3WMsuqV66lT30CrXNbEjx4GEwlow3v6rr4mCcv6prnfwhS01rkgyFdjPNBYd9br7LpXV1+Emh01fHnq2Gdgrw=="
    },
    "undici-types@7.24.6": {
      "integrity": "sha512-WRNW+sJgj5OBN4/0JpHFqtqzhpbnV0GuB+OozA9gCL7a993SmU+1JBZCzLNxYsbMfIeDL+lTsphD5jN5N+n0zg=="
    },
    "webidl-conversions@3.0.1": {
      "integrity": "sha512-2JAn3z8AR6rjK8Sm8orRC0h/bcl/DqL7tRPdGZ4I1CjdF+EaMLmYxBHyXuKL849eucPFhvBoxMsflfOb8kxaeQ=="
    },
    "whatwg-url@5.0.0": {
      "integrity": "sha512-saE57nupxk6v3HY35+jzBwYa0rKSy0XR8JSxZPwgLr7ys0IBzhGviA1/TUGJLmSVqs8pb9AnvICXEuOHLprYTw==",
      "dependencies": [
        "tr46",
        "webidl-conversions"
      ]
    },
    "ws@8.20.1": {
      "integrity": "sha512-It4dO0K5v//JtTXuPkfEOaI3uUN87iYPnqo/ZzqCoG3g8uhA66QUMs/SrM0YK7/NAu+r4LMh/9dq2A7k+rHs+w=="
    },
    "zod@3.23.8": {
      "integrity": "sha512-XBx9AXhXktjUqnepgTiE5flcKIYWi/rme0Eaj+5Y0lftuGBq+jyRu/md4WnuxqgP1ubdpNCsYEYPxrzVHD8d6g=="
    }
  },
  "redirects": {
    "https://esm.sh/@supabase/node-fetch@^2.6.14?target=denonext": "https://esm.sh/@supabase/node-fetch@2.6.15?target=denonext",
    "https://esm.sh/@types/ws@~8.18.1/index.d.mts": "https://esm.sh/@types/ws@8.18.1/index.d.mts",
    "https://esm.sh/bufferutil@^4.0.1?target=denonext": "https://esm.sh/bufferutil@4.1.0?target=denonext",
    "https://esm.sh/node-gyp-build@^4.3.0?target=denonext": "https://esm.sh/node-gyp-build@4.8.4?target=denonext",
    "https://esm.sh/tr46@~0.0.3?target=denonext": "https://esm.sh/tr46@0.0.3?target=denonext",
    "https://esm.sh/utf-8-validate@%3E=5.0.2?target=denonext": "https://esm.sh/utf-8-validate@6.0.6?target=denonext",
    "https://esm.sh/webidl-conversions@^3.0.0?target=denonext": "https://esm.sh/webidl-conversions@3.0.1?target=denonext",
    "https://esm.sh/whatwg-url@^5.0.0?target=denonext": "https://esm.sh/whatwg-url@5.0.0?target=denonext",
    "https://esm.sh/ws@^8.18.0?target=denonext": "https://esm.sh/ws@8.21.0?target=denonext"
  },
  "remote": {
    "https://deno.land/std@0.168.0/async/abortable.ts": "80b2ac399f142cc528f95a037a7d0e653296352d95c681e284533765961de409",
    "https://deno.land/std@0.168.0/async/deadline.ts": "2c2deb53c7c28ca1dda7a3ad81e70508b1ebc25db52559de6b8636c9278fd41f",
    "https://deno.land/std@0.168.0/async/debounce.ts": "60301ffb37e730cd2d6f9dadfd0ecb2a38857681bd7aaf6b0a106b06e5210a98",
    "https://deno.land/std@0.168.0/async/deferred.ts": "77d3f84255c3627f1cc88699d8472b664d7635990d5358c4351623e098e917d6",
    "https://deno.land/std@0.168.0/async/delay.ts": "5a9bfba8de38840308a7a33786a0155a7f6c1f7a859558ddcec5fe06e16daf57",
    "https://deno.land/std@0.168.0/async/mod.ts": "7809ad4bb223e40f5fdc043e5c7ca04e0e25eed35c32c3c32e28697c553fa6d9",
    "https://deno.land/std@0.168.0/async/mux_async_iterator.ts": "770a0ff26c59f8bbbda6b703a2235f04e379f73238e8d66a087edc68c2a2c35f",
    "https://deno.land/std@0.168.0/async/pool.ts": "6854d8cd675a74c73391c82005cbbe4cc58183bddcd1fbbd7c2bcda42b61cf69",
    "https://deno.land/std@0.168.0/async/retry.ts": "e8e5173623915bbc0ddc537698fa418cf875456c347eda1ed453528645b42e67",
    "https://deno.land/std@0.168.0/async/tee.ts": "3a47cc4e9a940904fd4341f0224907e199121c80b831faa5ec2b054c6d2eff5e",
    "https://deno.land/std@0.168.0/fmt/colors.ts": "03ad95e543d2808bc43c17a3dd29d25b43d0f16287fe562a0be89bf632454a12",
    "https://deno.land/std@0.168.0/http/server.ts": "e99c1bee8a3f6571ee4cdeb2966efad465b8f6fe62bec1bdb59c1f007cc4d155",
    "https://deno.land/std@0.168.0/testing/_diff.ts": "a23e7fc2b4d8daa3e158fa06856bedf5334ce2a2831e8bf9e509717f455adb2c",
    "https://deno.land/std@0.168.0/testing/_format.ts": "cd11136e1797791045e639e9f0f4640d5b4166148796cad37e6ef75f7d7f3832",
    "https://deno.land/std@0.168.0/testing/asserts.ts": "51353e79437361d4b02d8e32f3fc83b22231bc8f8d4c841d86fd32b0b0afe940",
    "https://esm.sh/@anthropic-ai/sdk@0.39.0": "063508334fb72da1dc091fd51266e2c4e055019fdf95e287976bcb3ac9228795",
    "https://esm.sh/@anthropic-ai/sdk@0.39.0/denonext/_shims/MultipartBody.mjs": "a03f8f13f496750b69c69c8819efb191f991bd0315bd0bf5b8cb0833e32d9aa1",
    "https://esm.sh/@anthropic-ai/sdk@0.39.0/denonext/_shims/auto/runtime.mjs": "4281ca5cf44cc0354262311896bb4383e0ead5b8ffff4e1e80a78f838b6913e6",
    "https://esm.sh/@anthropic-ai/sdk@0.39.0/denonext/_shims/index.mjs": "19caed67df946f2812503b71802cfa65accab5a7a0382c2c2a25cfd88bcd96b7",
    "https://esm.sh/@anthropic-ai/sdk@0.39.0/denonext/_shims/registry.mjs": "42228abc816f6eb8a78e7296dff160fb338a892872ae6c8832458d73cf0e9701",
    "https://esm.sh/@anthropic-ai/sdk@0.39.0/denonext/_shims/web-runtime.mjs": "2197441c0df1bec646d2d2d1b03c93b57e67e2d861f32a192070c335214e19e0",
    "https://esm.sh/@anthropic-ai/sdk@0.39.0/denonext/_vendor/partial-json-parser/parser.mjs": "798b942e153ccd9e9c4edf1bb215e456ac79824284bc80f8991b02fb6961011a",
    "https://esm.sh/@anthropic-ai/sdk@0.39.0/denonext/core.mjs": "56f359943aadf11b133e61c155291751e099d04254a11119c597f1b6309e0e80",
    "https://esm.sh/@anthropic-ai/sdk@0.39.0/denonext/error.mjs": "56898008358c1aaef03e9224ea6fcb2f852f45220cccf670a872dd241aea8ae6",
    "https://esm.sh/@anthropic-ai/sdk@0.39.0/denonext/internal/decoders/jsonl.mjs": "a032bd49c08651ae039490fe0b39189ff56586f38303321a4447833e11387e86",
    "https://esm.sh/@anthropic-ai/sdk@0.39.0/denonext/internal/decoders/line.mjs": "0f699618399dea297f8cd98e8803fc2fc03658e8ef1954f0366aafd6365ac642",
    "https://esm.sh/@anthropic-ai/sdk@0.39.0/denonext/internal/stream-utils.mjs": "b4836b6123222b5ba7c38a16333bbad3315c0e6a1a07c11424a7b353cb3e1411",
    "https://esm.sh/@anthropic-ai/sdk@0.39.0/denonext/lib/BetaMessageStream.mjs": "3b3ec0ef30290e86d76f031f1c8ca6224b232b0aa2fc51fda9b3f54ef41bd13a",
    "https://esm.sh/@anthropic-ai/sdk@0.39.0/denonext/lib/MessageStream.mjs": "54aedcd02846343ac9e39375514b0b953a699f7fb53919d81db8cae10b2b2903",
    "https://esm.sh/@anthropic-ai/sdk@0.39.0/denonext/pagination.mjs": "37ad382a5e593ab465c33b0d6e6332611e601bc7554f91e355d96dbe054a1bb0",
    "https://esm.sh/@anthropic-ai/sdk@0.39.0/denonext/resource.mjs": "8e384011433aaf26426de3ef4251bc5bbf6a95e7be28ac708c5a65d9f33d1984",
    "https://esm.sh/@anthropic-ai/sdk@0.39.0/denonext/resources/beta/beta.mjs": "b22d08315932df2c271a8c6e209a768a20ec37e6738bf0e5febd59fa9047386f",
    "https://esm.sh/@anthropic-ai/sdk@0.39.0/denonext/resources/beta/messages/batches.mjs": "8b89f1d0356db6fb7cc0b5e1c1838c98103a7945db2e939b2663c6ed99218940",
    "https://esm.sh/@anthropic-ai/sdk@0.39.0/denonext/resources/beta/messages/messages.mjs": "bab8c403a35a304993f06d42975d0992edde16a2e1e86fefec51ecf4149e7b58",
    "https://esm.sh/@anthropic-ai/sdk@0.39.0/denonext/resources/beta/models.mjs": "7e9e5a87c0d3e1bed82d4e45c57f3c649ad577970af6863afeae374aca02d1fe",
    "https://esm.sh/@anthropic-ai/sdk@0.39.0/denonext/resources/completions.mjs": "83e4ae402c4722c785987e00d5422a116337f7f6a59b7c48e5edb4dfa52aaf42",
    "https://esm.sh/@anthropic-ai/sdk@0.39.0/denonext/resources/index.mjs": "1c58e97409abf1334fdc6c4b1a8273f13f1cf0e39618091169258182374d695d",
    "https://esm.sh/@anthropic-ai/sdk@0.39.0/denonext/resources/messages/batches.mjs": "f5f3df06b473d90c7d96fd14f0bbe536dd77611fe6375bae42fb27a591a4bf07",
    "https://esm.sh/@anthropic-ai/sdk@0.39.0/denonext/resources/messages/messages.mjs": "aa3035fb3b76b82fc61eabc85fcbc5934ad82b41ee109e18e98d06e325b8108e",
    "https://esm.sh/@anthropic-ai/sdk@0.39.0/denonext/resources/models.mjs": "de1ee79dda358435ec1ad4f00a65e202762bb5050f3dca28175f01ef701a2d6f",
    "https://esm.sh/@anthropic-ai/sdk@0.39.0/denonext/resources/shared.mjs": "c7ea05ec7e323483c43af8aa9c24c76e03487f72aa2c5d379791061fe0be5067",
    "https://esm.sh/@anthropic-ai/sdk@0.39.0/denonext/sdk.mjs": "0986c62ee5fd63f13b429ab66f89dec15d87f95145b91eb5c1892beba358eacc",
    "https://esm.sh/@anthropic-ai/sdk@0.39.0/denonext/streaming.mjs": "99c8bb35feb74573fe329f4c5408fa1c3efe7143b39318a1c2d950c14f0bd5b9",
    "https://esm.sh/@anthropic-ai/sdk@0.39.0/denonext/uploads.mjs": "a2b55d80c323178060dc1138c9258e1b78965634cd5bd62a38a0a014e744eecc",
    "https://esm.sh/@anthropic-ai/sdk@0.39.0/denonext/version.mjs": "90b019d4f8556d19d5cc62aca67272ce894bd66aee619fe10f0fe777cd606d58",
    "https://esm.sh/@supabase/auth-js@2.67.3/denonext/auth-js.mjs": "95cad9d3f1829294d4f277191e4b937ca297a63054f14deccf3ac1dfcd9bd1ad",
    "https://esm.sh/@supabase/functions-js@2.4.4/denonext/functions-js.mjs": "7adeb257410ef3c4a8a1eb9b4ff416c0075d1c32860ca04913c8a9dace1de6a6",
    "https://esm.sh/@supabase/node-fetch@2.6.15/denonext/node-fetch.mjs": "0bae9052231f4f6dbccc7234d05ea96923dbf967be12f402764580b6bf9f713d",
    "https://esm.sh/@supabase/node-fetch@2.6.15?target=denonext": "4d28c4ad97328403184353f68434f2b6973971507919e9150297413664919cf3",
    "https://esm.sh/@supabase/postgrest-js@1.17.7/denonext/postgrest-js.mjs": "cbe0588341e0356a847295017eea59e669a12f85a05b01a446f2e1c43ad8fb9f",
    "https://esm.sh/@supabase/realtime-js@2.11.2/denonext/realtime-js.mjs": "c33ac375b6be89c893f9df844d2525a4ace015a35aa6ba236270d00c6605c7ba",
    "https://esm.sh/@supabase/storage-js@2.7.1/denonext/storage-js.mjs": "73ac8cdc95cfcd794fe603dbd7ce06d539ab51538ae6467eabe0f9cc26c993aa",
    "https://esm.sh/@supabase/supabase-js@2.47.10": "8352fea62a92ad2fef32bc6a1aa529a5d2da0c939819f41767dd1480f0f30d70",
    "https://esm.sh/@supabase/supabase-js@2.47.10/denonext/supabase-js.mjs": "bd90f1d7e2ea03263e752ec173e228bf3611c8dd6207580fd6134d36181efad0",
    "https://esm.sh/bufferutil@4.1.0/denonext/bufferutil.mjs": "9b6e81087bdc57848ad1de1f8618ebbace98ebd9ff6cab51260b48c2a045a9c9",
    "https://esm.sh/bufferutil@4.1.0?target=denonext": "aaa2a112199593ccc40da1aedf5124779862ea166afb0a8529f04f907001428a",
    "https://esm.sh/node-gyp-build@4.8.4/denonext/node-gyp-build.mjs": "9a86f2d044fc77bd60aaa3d697c2ba1b818da5fb1b9aaeedec59a40b8e908803",
    "https://esm.sh/node-gyp-build@4.8.4?target=denonext": "261a6cedf1fdbf159798141ba1e2311ac1510682c5c8b55dacc8cf5fdee4aa06",
    "https://esm.sh/tr46@0.0.3/denonext/tr46.mjs": "5753ec0a99414f4055f0c1f97691100f13d88e48a8443b00aebb90a512785fa2",
    "https://esm.sh/tr46@0.0.3?target=denonext": "19cb9be0f0d418a0c3abb81f2df31f080e9540a04e43b0f699bce1149cba0cbb",
    "https://esm.sh/utf-8-validate@6.0.6/denonext/utf-8-validate.mjs": "4a41983aa887625615f52a52b53c223d8f16c74e52a6bd41b2c361894c07f878",
    "https://esm.sh/utf-8-validate@6.0.6?target=denonext": "8afa4e097093160323f232f971ca61474d22ccafdac8025e4e4f66ab4e07b2c4",
    "https://esm.sh/webidl-conversions@3.0.1/denonext/webidl-conversions.mjs": "238cd0743827707cbc1c2d7c2cf1027dbc536fb53ec9a3fde0ff8026a3ac5385",
    "https://esm.sh/webidl-conversions@3.0.1?target=denonext": "4e20318d50528084616c79d7b3f6e7f0fe7b6d09013bd01b3974d7448d767e29",
    "https://esm.sh/whatwg-url@5.0.0/denonext/whatwg-url.mjs": "29b16d74ee72624c915745bbd25b617cfd2248c6af0f5120d131e232a9a9af79",
    "https://esm.sh/whatwg-url@5.0.0?target=denonext": "f001a2cadf81312d214ca330033f474e74d81a003e21e8c5d70a1f46dc97b02d",
    "https://esm.sh/ws@8.21.0/denonext/ws.mjs": "2123ca54b24f3afe1eaf408d9e6b39147b05cda4c3c0c7773465e44c86964671",
    "https://esm.sh/ws@8.21.0?target=denonext": "bbe46738716c3f43e77c16cd757403a4a9e8bcca1559f405c06fe59e5b6f3de5"
  },
  "workspace": {
    "dependencies": [
      "npm:zod@3.23.8"
    ]
  }
}
