{
  "version": "5",
  "remote": {
    "https://deno.land/std@0.168.0/async/abortable.ts": "80b2ac399f142cc528f95a037a7d0e653296352d95c681e284533765961de409",
    "https://deno.land/std@0.168.0/async/deadline.ts": "2c2deb53c7c28ca1dda7a3ad81e70508b1ebc25db52559de6b8636c9278fd41f",
    "https://deno.land/std@0.168.0/async/debounce.ts": "60301ffb37e730cd2d6f9dadfd0ecb2a38857681bd7aaf6b0a106b06e5210a98",
    "https://deno.land/std@0.168.0/async/deferred.ts": "77d3f84255c3627f1cc88699d8472b664d7635990d5358c4351623e098e917d6",
    "https://deno.land/std@0.168.0/async/delay.ts": "5a9bfba8de38840308a7a33786a0155a7f6c1f7a859558ddcec5fe06e16daf57",
    "https://deno.land/std@0.168.0/async/mod.ts": "7809ad4bb223e40f5fdc043e5c7ca04e0e25eed35c32c3c32e28697c553fa6d9",
    "https://deno.land/std@0.168.0/async/mux_async_iterator.ts": "770a0ff26c59f8bbbda6b703a2235f04e379f73238e8d66a087edc68c2a2c35f",
    "https://deno.land/std@0.168.0/async/pool.ts": "6854d8cd675a74c73391c82005cbbe4cc58183bddcd1fbbd7c2bcda42b61cf69",
    "https://deno.land/std@0.168.0/async/retry.ts": "e8e5173623915bbc0ddc537698fa418cf875456c347eda1ed453528645b42e67",
    "https://deno.land/std@0.168.0/async/tee.ts": "3a47cc4e9a940904fd4341f0224907e199121c80b831faa5ec2b054c6d2eff5e",
    "https://deno.land/std@0.168.0/http/server.ts": "e99c1bee8a3f6571ee4cdeb2966efad465b8f6fe62bec1bdb59c1f007cc4d155",
    "https://esm.sh/@anthropic-ai/sdk@0.24.0": "593801bf9c7685433333e3add5b3414c8a22abb25ccbb13f0bd9e8510822cf51",
    "https://esm.sh/@supabase/supabase-js@2.47.10": "8352fea62a92ad2fef32bc6a1aa529a5d2da0c939819f41767dd1480f0f30d70"
  },
  "workspace": {
    "packageJson": {
      "dependencies": [
        "npm:@anthropic-ai/sdk@0.74",
        "npm:@dnd-kit/core@^6.3.1",
        "npm:@dnd-kit/sortable@10",
        "npm:@dnd-kit/utilities@^3.2.2",
        "npm:@docuseal/react@^1.0.70",
        "npm:@eslint/js@^9.15.0",
        "npm:@hello-pangea/dnd@^18.0.1",
        "npm:@hookform/resolvers@^5.2.2",
        "npm:@nivo/bar@0.99",
        "npm:@nivo/core@0.99",
        "npm:@nivo/pie@0.99",
        "npm:@radix-ui/react-accordion@^1.2.12",
        "npm:@radix-ui/react-alert-dialog@^1.1.15",
        "npm:@radix-ui/react-avatar@^1.1.11",
        "npm:@radix-ui/react-checkbox@^1.3.3",
        "npm:@radix-ui/react-collapsible@^1.1.12",
        "npm:@radix-ui/react-dialog@^1.1.15",
        "npm:@radix-ui/react-dropdown-menu@^2.1.16",
        "npm:@radix-ui/react-icons@^1.3.2",
        "npm:@radix-ui/react-label@^2.1.7",
        "npm:@radix-ui/react-popover@^1.1.15",
        "npm:@radix-ui/react-radio-group@^1.3.8",
        "npm:@radix-ui/react-scroll-area@^1.2.10",
        "npm:@radix-ui/react-select@^2.2.6",
        "npm:@radix-ui/react-separator@^1.1.7",
        "npm:@radix-ui/react-slider@^1.3.6",
        "npm:@radix-ui/react-slot@^1.2.3",
        "npm:@radix-ui/react-switch@^1.2.6",
        "npm:@radix-ui/react-tabs@^1.1.13",
        "npm:@radix-ui/react-tooltip@^1.2.8",
        "npm:@react-email/components@^1.0.1",
        "npm:@supabase/supabase-js@^2.86.2",
        "npm:@tanstack/react-form@^1.26.0",
        "npm:@tanstack/react-query-devtools@^5.90.2",
        "npm:@tanstack/react-query@^5.90.2",
        "npm:@tanstack/react-router-devtools@^1.132.17",
        "npm:@tanstack/react-router@^1.132.17",
        "npm:@tanstack/react-virtual@^3.13.12",
        "npm:@tanstack/zod-form-adapter@~0.42.1",
        "npm:@testing-library/jest-dom@^6.9.0",
        "npm:@testing-library/react@^16.3.0",
        "npm:@testing-library/user-event@^14.6.1",
        "npm:@tiptap/extension-link@^3.11.1",
        "npm:@tiptap/extension-placeholder@^3.11.1",
        "npm:@tiptap/extension-text-align@^3.13.0",
        "npm:@tiptap/extension-underline@^3.11.1",
        "npm:@tiptap/react@^3.11.1",
        "npm:@tiptap/starter-kit@^3.11.1",
        "npm:@types/dompurify@^3.0.5",
        "npm:@types/html-to-text@^9.0.4",
        "npm:@types/jest@30",
        "npm:@types/react-dom@^19.0.2",
        "npm:@types/react@^19.0.2",
        "npm:@types/uuid@10",
        "npm:@vitejs/plugin-react@^4.3.4",
        "npm:@vitest/ui@^3.2.4",
        "npm:autoprefixer@^10.4.21",
        "npm:baseline-browser-mapping@^2.9.18",
        "npm:class-variance-authority@~0.7.1",
        "npm:clsx@^2.1.1",
        "npm:cmdk@^1.1.1",
        "npm:concurrently@^9.1.0",
        "npm:cors@^2.8.5",
        "npm:date-fns@^4.1.0",
        "npm:dompurify@^3.3.0",
        "npm:dotenv@^17.2.3",
        "npm:emoji-picker-react@^4.16.1",
        "npm:eslint-plugin-boundaries@^5.3.1",
        "npm:eslint-plugin-react-hooks@5",
        "npm:eslint-plugin-react-refresh@~0.4.14",
        "npm:eslint@^9.15.0",
        "npm:exceljs@^4.4.0",
        "npm:express@^4.21.2",
        "npm:globals@^15.12.0",
        "npm:html-to-text@^9.0.5",
        "npm:husky@8",
        "npm:jsdom@27",
        "npm:lint-staged@^16.2.7",
        "npm:lucide-react@0.468",
        "npm:next-themes@~0.4.6",
        "npm:node-emoji@^2.2.0",
        "npm:p-limit@^7.2.0",
        "npm:pg@^8.13.1",
        "npm:postcss@^8.5.6",
        "npm:prettier@^3.7.4",
        "npm:react-day-picker@^9.11.1",
        "npm:react-dom@^19.1.0",
        "npm:react-email@^5.0.8",
        "npm:react-hook-form@^7.64.0",
        "npm:react-hot-toast@^2.6.0",
        "npm:react-pdf@^10.3.0",
        "npm:react-router-dom@^7.1.1",
        "npm:react-router@^7.1.1",
        "npm:react@^19.1.0",
        "npm:recharts@^2.15.4",
        "npm:sonner@^2.0.7",
        "npm:stripe@^20.4.0",
        "npm:tailwind-merge@^3.3.1",
        "npm:tailwindcss-animate@^1.0.7",
        "npm:tailwindcss@^3.4.18",
        "npm:typescript-eslint@^8.15.0",
        "npm:typescript@~5.6.2",
        "npm:uuid@13",
        "npm:vite@^6.0.1",
        "npm:vitest@^3.2.4",
        "npm:web-vitals@^5.1.0",
        "npm:zod@^3.23.8"
      ]
    }
  }
}
